// !$*UTF8*$!
{
	archiveVersion = 1;
	classes = {
	};
	objectVersion = 46;
	objects = {

/* Begin PBXBuildFile section */
		A71823291D78C475005D9C78 /* ArduinoTypes.swift in Sources */ = {isa = PBXBuildFile; fileRef = A71823281D78C475005D9C78 /* ArduinoTypes.swift */; };
		A718232B1D790ADD005D9C78 /* BTService.swift in Sources */ = {isa = PBXBuildFile; fileRef = A718232A1D790ADD005D9C78 /* BTService.swift */; };
		A72D9CBD1CF00941009AAB41 /* Logger.swift in Sources */ = {isa = PBXBuildFile; fileRef = A72D9CBC1CF00941009AAB41 /* Logger.swift */; };
		A7DF1E861CFFDB08006A5C33 /* Podfile in Resources */ = {isa = PBXBuildFile; fileRef = A7DF1E841CFFDB08006A5C33 /* Podfile */; };
		A7E88E7D1CFD319700AD652A /* ConnectionViewController.swift in Sources */ = {isa = PBXBuildFile; fileRef = A7E88E7C1CFD319700AD652A /* ConnectionViewController.swift */; };
		A7EF1D521CB6F7BC00A6C6A6 /* AppDelegate.swift in Sources */ = {isa = PBXBuildFile; fileRef = A7EF1D511CB6F7BC00A6C6A6 /* AppDelegate.swift */; };
		A7EF1D541CB6F7BC00A6C6A6 /* MainViewController.swift in Sources */ = {isa = PBXBuildFile; fileRef = A7EF1D531CB6F7BC00A6C6A6 /* MainViewController.swift */; };
		A7EF1D561CB6F7BC00A6C6A6 /* LogTableViewController.swift in Sources */ = {isa = PBXBuildFile; fileRef = A7EF1D551CB6F7BC00A6C6A6 /* LogTableViewController.swift */; };
		A7EF1D591CB6F7BC00A6C6A6 /* Main.storyboard in Resources */ = {isa = PBXBuildFile; fileRef = A7EF1D571CB6F7BC00A6C6A6 /* Main.storyboard */; };
		A7EF1D5B1CB6F7BC00A6C6A6 /* Assets.xcassets in Resources */ = {isa = PBXBuildFile; fileRef = A7EF1D5A1CB6F7BC00A6C6A6 /* Assets.xcassets */; };
		A7EF1D5E1CB6F7BC00A6C6A6 /* LaunchScreen.storyboard in Resources */ = {isa = PBXBuildFile; fileRef = A7EF1D5C1CB6F7BC00A6C6A6 /* LaunchScreen.storyboard */; };
		A7EF1D691CB6F7BC00A6C6A6 /* Boiler_ControllerTests.swift in Sources */ = {isa = PBXBuildFile; fileRef = A7EF1D681CB6F7BC00A6C6A6 /* Boiler_ControllerTests.swift */; };
		A7EF1D741CB6F7BC00A6C6A6 /* Boiler_ControllerUITests.swift in Sources */ = {isa = PBXBuildFile; fileRef = A7EF1D731CB6F7BC00A6C6A6 /* Boiler_ControllerUITests.swift */; };
		B4D7FB9A61479F70E711CF4E /* Pods_Boiler_Controller.framework in Frameworks */ = {isa = PBXBuildFile; fileRef = EDC8A695CA817B941B721BCD /* Pods_Boiler_Controller.framework */; };
/* End PBXBuildFile section */

/* Begin PBXContainerItemProxy section */
		A7EF1D651CB6F7BC00A6C6A6 /* PBXContainerItemProxy */ = {
			isa = PBXContainerItemProxy;
			containerPortal = A7EF1D461CB6F7BC00A6C6A6 /* Project object */;
			proxyType = 1;
			remoteGlobalIDString = A7EF1D4D1CB6F7BC00A6C6A6;
			remoteInfo = BoilerController;
		};
		A7EF1D701CB6F7BC00A6C6A6 /* PBXContainerItemProxy */ = {
			isa = PBXContainerItemProxy;
			containerPortal = A7EF1D461CB6F7BC00A6C6A6 /* Project object */;
			proxyType = 1;
			remoteGlobalIDString = A7EF1D4D1CB6F7BC00A6C6A6;
			remoteInfo = BoilerController;
		};
/* End PBXContainerItemProxy section */

/* Begin PBXFileReference section */
		94C43DA0036DC164A0E4B210 /* Pods-Boiler-Controller.debug.xcconfig */ = {isa = PBXFileReference; includeInIndex = 1; lastKnownFileType = text.xcconfig; name = "Pods-Boiler-Controller.debug.xcconfig"; path = "Pods/Target Support Files/Pods-Boiler-Controller/Pods-Boiler-Controller.debug.xcconfig"; sourceTree = "<group>"; };
		A71823281D78C475005D9C78 /* ArduinoTypes.swift */ = {isa = PBXFileReference; fileEncoding = 4; lastKnownFileType = sourcecode.swift; path = ArduinoTypes.swift; sourceTree = "<group>"; };
		A718232A1D790ADD005D9C78 /* BTService.swift */ = {isa = PBXFileReference; fileEncoding = 4; lastKnownFileType = sourcecode.swift; path = BTService.swift; sourceTree = "<group>"; };
		A72D9CBC1CF00941009AAB41 /* Logger.swift */ = {isa = PBXFileReference; fileEncoding = 4; lastKnownFileType = sourcecode.swift; path = Logger.swift; sourceTree = "<group>"; };
		A7DF1E841CFFDB08006A5C33 /* Podfile */ = {isa = PBXFileReference; fileEncoding = 4; lastKnownFileType = text; path = Podfile; sourceTree = "<group>"; xcLanguageSpecificationIdentifier = xcode.lang.ruby; };
		A7E88E7C1CFD319700AD652A /* ConnectionViewController.swift */ = {isa = PBXFileReference; fileEncoding = 4; lastKnownFileType = sourcecode.swift; path = ConnectionViewController.swift; sourceTree = "<group>"; };
		A7EF1D4E1CB6F7BC00A6C6A6 /* BoilerController.app */ = {isa = PBXFileReference; explicitFileType = wrapper.application; includeInIndex = 0; path = BoilerController.app; sourceTree = BUILT_PRODUCTS_DIR; };
		A7EF1D511CB6F7BC00A6C6A6 /* AppDelegate.swift */ = {isa = PBXFileReference; lastKnownFileType = sourcecode.swift; path = AppDelegate.swift; sourceTree = "<group>"; };
		A7EF1D531CB6F7BC00A6C6A6 /* MainViewController.swift */ = {isa = PBXFileReference; lastKnownFileType = sourcecode.swift; path = MainViewController.swift; sourceTree = "<group>"; };
		A7EF1D551CB6F7BC00A6C6A6 /* LogTableViewController.swift */ = {isa = PBXFileReference; lastKnownFileType = sourcecode.swift; path = LogTableViewController.swift; sourceTree = "<group>"; };
		A7EF1D581CB6F7BC00A6C6A6 /* Base */ = {isa = PBXFileReference; lastKnownFileType = file.storyboard; name = Base; path = Base.lproj/Main.storyboard; sourceTree = "<group>"; };
		A7EF1D5A1CB6F7BC00A6C6A6 /* Assets.xcassets */ = {isa = PBXFileReference; lastKnownFileType = folder.assetcatalog; path = Assets.xcassets; sourceTree = "<group>"; };
		A7EF1D5D1CB6F7BC00A6C6A6 /* Base */ = {isa = PBXFileReference; lastKnownFileType = file.storyboard; name = Base; path = Base.lproj/LaunchScreen.storyboard; sourceTree = "<group>"; };
		A7EF1D5F1CB6F7BC00A6C6A6 /* Info.plist */ = {isa = PBXFileReference; lastKnownFileType = text.plist.xml; path = Info.plist; sourceTree = "<group>"; };
		A7EF1D641CB6F7BC00A6C6A6 /* Boiler-Controller.xctest */ = {isa = PBXFileReference; explicitFileType = wrapper.cfbundle; includeInIndex = 0; path = "Boiler-Controller.xctest"; sourceTree = BUILT_PRODUCTS_DIR; };
		A7EF1D681CB6F7BC00A6C6A6 /* Boiler_ControllerTests.swift */ = {isa = PBXFileReference; lastKnownFileType = sourcecode.swift; path = Boiler_ControllerTests.swift; sourceTree = "<group>"; };
		A7EF1D6A1CB6F7BC00A6C6A6 /* Info.plist */ = {isa = PBXFileReference; lastKnownFileType = text.plist.xml; path = Info.plist; sourceTree = "<group>"; };
		A7EF1D6F1CB6F7BC00A6C6A6 /* Boiler-Controller.xctest */ = {isa = PBXFileReference; explicitFileType = wrapper.cfbundle; includeInIndex = 0; path = "Boiler-Controller.xctest"; sourceTree = BUILT_PRODUCTS_DIR; };
		A7EF1D731CB6F7BC00A6C6A6 /* Boiler_ControllerUITests.swift */ = {isa = PBXFileReference; lastKnownFileType = sourcecode.swift; path = Boiler_ControllerUITests.swift; sourceTree = "<group>"; };
		A7EF1D751CB6F7BC00A6C6A6 /* Info.plist */ = {isa = PBXFileReference; lastKnownFileType = text.plist.xml; path = Info.plist; sourceTree = "<group>"; };
		D0E419B5D6EA373D7BFD7E59 /* Pods-Boiler-Controller.release.xcconfig */ = {isa = PBXFileReference; includeInIndex = 1; lastKnownFileType = text.xcconfig; name = "Pods-Boiler-Controller.release.xcconfig"; path = "Pods/Target Support Files/Pods-Boiler-Controller/Pods-Boiler-Controller.release.xcconfig"; sourceTree = "<group>"; };
		EDC8A695CA817B941B721BCD /* Pods_Boiler_Controller.framework */ = {isa = PBXFileReference; explicitFileType = wrapper.framework; includeInIndex = 0; path = Pods_Boiler_Controller.framework; sourceTree = BUILT_PRODUCTS_DIR; };
/* End PBXFileReference section */

/* Begin PBXFrameworksBuildPhase section */
		A7EF1D4B1CB6F7BC00A6C6A6 /* Frameworks */ = {
			isa = PBXFrameworksBuildPhase;
			buildActionMask = 2147483647;
			files = (
				B4D7FB9A61479F70E711CF4E /* Pods_Boiler_Controller.framework in Frameworks */,
			);
			runOnlyForDeploymentPostprocessing = 0;
		};
		A7EF1D611CB6F7BC00A6C6A6 /* Frameworks */ = {
			isa = PBXFrameworksBuildPhase;
			buildActionMask = 2147483647;
			files = (
			);
			runOnlyForDeploymentPostprocessing = 0;
		};
		A7EF1D6C1CB6F7BC00A6C6A6 /* Frameworks */ = {
			isa = PBXFrameworksBuildPhase;
			buildActionMask = 2147483647;
			files = (
			);
			runOnlyForDeploymentPostprocessing = 0;
		};
/* End PBXFrameworksBuildPhase section */

/* Begin PBXGroup section */
		2D3C6C5498AB91CA29590D27 /* Frameworks */ = {
			isa = PBXGroup;
			children = (
				EDC8A695CA817B941B721BCD /* Pods_Boiler_Controller.framework */,
			);
			name = Frameworks;
			sourceTree = "<group>";
		};
		A7EF1D451CB6F7BC00A6C6A6 = {
			isa = PBXGroup;
			children = (
				A7DF1E841CFFDB08006A5C33 /* Podfile */,
				A7EF1D501CB6F7BC00A6C6A6 /* Boiler-Controller */,
				A7EF1D671CB6F7BC00A6C6A6 /* Boiler-ControllerTests */,
				A7EF1D721CB6F7BC00A6C6A6 /* Boiler-ControllerUITests */,
				A7EF1D4F1CB6F7BC00A6C6A6 /* Products */,
				E89F3038D0E35718340806A8 /* Pods */,
				2D3C6C5498AB91CA29590D27 /* Frameworks */,
			);
			sourceTree = "<group>";
		};
		A7EF1D4F1CB6F7BC00A6C6A6 /* Products */ = {
			isa = PBXGroup;
			children = (
				A7EF1D4E1CB6F7BC00A6C6A6 /* BoilerController.app */,
				A7EF1D641CB6F7BC00A6C6A6 /* Boiler-Controller.xctest */,
				A7EF1D6F1CB6F7BC00A6C6A6 /* Boiler-Controller.xctest */,
			);
			name = Products;
			sourceTree = "<group>";
		};
		A7EF1D501CB6F7BC00A6C6A6 /* Boiler-Controller */ = {
			isa = PBXGroup;
			children = (
				A72D9CBC1CF00941009AAB41 /* Logger.swift */,
				A7EF1D511CB6F7BC00A6C6A6 /* AppDelegate.swift */,
				A7E88E7C1CFD319700AD652A /* ConnectionViewController.swift */,
				A7EF1D531CB6F7BC00A6C6A6 /* MainViewController.swift */,
				A7EF1D551CB6F7BC00A6C6A6 /* LogTableViewController.swift */,
				A7EF1D571CB6F7BC00A6C6A6 /* Main.storyboard */,
				A7EF1D5A1CB6F7BC00A6C6A6 /* Assets.xcassets */,
				A7EF1D5C1CB6F7BC00A6C6A6 /* LaunchScreen.storyboard */,
				A7EF1D5F1CB6F7BC00A6C6A6 /* Info.plist */,
				A71823281D78C475005D9C78 /* ArduinoTypes.swift */,
				A718232A1D790ADD005D9C78 /* BTService.swift */,
			);
			name = "Boiler-Controller";
			path = BoilerController;
			sourceTree = "<group>";
		};
		A7EF1D671CB6F7BC00A6C6A6 /* Boiler-ControllerTests */ = {
			isa = PBXGroup;
			children = (
				A7EF1D681CB6F7BC00A6C6A6 /* Boiler_ControllerTests.swift */,
				A7EF1D6A1CB6F7BC00A6C6A6 /* Info.plist */,
			);
			name = "Boiler-ControllerTests";
			path = BoilerControllerTests;
			sourceTree = "<group>";
		};
		A7EF1D721CB6F7BC00A6C6A6 /* Boiler-ControllerUITests */ = {
			isa = PBXGroup;
			children = (
				A7EF1D731CB6F7BC00A6C6A6 /* Boiler_ControllerUITests.swift */,
				A7EF1D751CB6F7BC00A6C6A6 /* Info.plist */,
			);
			name = "Boiler-ControllerUITests";
			path = BoilerControllerUITests;
			sourceTree = "<group>";
		};
		E89F3038D0E35718340806A8 /* Pods */ = {
			isa = PBXGroup;
			children = (
				94C43DA0036DC164A0E4B210 /* Pods-Boiler-Controller.debug.xcconfig */,
				D0E419B5D6EA373D7BFD7E59 /* Pods-Boiler-Controller.release.xcconfig */,
			);
			name = Pods;
			sourceTree = "<group>";
		};
/* End PBXGroup section */

/* Begin PBXNativeTarget section */
		A7EF1D4D1CB6F7BC00A6C6A6 /* Boiler-Controller */ = {
			isa = PBXNativeTarget;
			buildConfigurationList = A7EF1D781CB6F7BC00A6C6A6 /* Build configuration list for PBXNativeTarget "Boiler-Controller" */;
			buildPhases = (
				2F91D9F99966EED4DB63F4D3 /* 📦 Check Pods Manifest.lock */,
				A7EF1D4A1CB6F7BC00A6C6A6 /* Sources */,
				A7EF1D4B1CB6F7BC00A6C6A6 /* Frameworks */,
				A7EF1D4C1CB6F7BC00A6C6A6 /* Resources */,
				D5BFB08F416F9D6137E58360 /* 📦 Embed Pods Frameworks */,
				6305FB695E7FB74D7C1DBCA7 /* 📦 Copy Pods Resources */,
			);
			buildRules = (
			);
			dependencies = (
			);
			name = "Boiler-Controller";
			productName = BoilerController;
			productReference = A7EF1D4E1CB6F7BC00A6C6A6 /* BoilerController.app */;
			productType = "com.apple.product-type.application";
		};
		A7EF1D631CB6F7BC00A6C6A6 /* Boiler-ControllerTests */ = {
			isa = PBXNativeTarget;
			buildConfigurationList = A7EF1D7B1CB6F7BC00A6C6A6 /* Build configuration list for PBXNativeTarget "Boiler-ControllerTests" */;
			buildPhases = (
				A7EF1D601CB6F7BC00A6C6A6 /* Sources */,
				A7EF1D611CB6F7BC00A6C6A6 /* Frameworks */,
				A7EF1D621CB6F7BC00A6C6A6 /* Resources */,
			);
			buildRules = (
			);
			dependencies = (
				A7EF1D661CB6F7BC00A6C6A6 /* PBXTargetDependency */,
			);
			name = "Boiler-ControllerTests";
			productName = BoilerControllerTests;
			productReference = A7EF1D641CB6F7BC00A6C6A6 /* Boiler-Controller.xctest */;
			productType = "com.apple.product-type.bundle.unit-test";
		};
		A7EF1D6E1CB6F7BC00A6C6A6 /* Boiler-ControllerUITests */ = {
			isa = PBXNativeTarget;
			buildConfigurationList = A7EF1D7E1CB6F7BC00A6C6A6 /* Build configuration list for PBXNativeTarget "Boiler-ControllerUITests" */;
			buildPhases = (
				A7EF1D6B1CB6F7BC00A6C6A6 /* Sources */,
				A7EF1D6C1CB6F7BC00A6C6A6 /* Frameworks */,
				A7EF1D6D1CB6F7BC00A6C6A6 /* Resources */,
			);
			buildRules = (
			);
			dependencies = (
				A7EF1D711CB6F7BC00A6C6A6 /* PBXTargetDependency */,
			);
			name = "Boiler-ControllerUITests";
			productName = BoilerControllerUITests;
			productReference = A7EF1D6F1CB6F7BC00A6C6A6 /* Boiler-Controller.xctest */;
			productType = "com.apple.product-type.bundle.ui-testing";
		};
/* End PBXNativeTarget section */

/* Begin PBXProject section */
		A7EF1D461CB6F7BC00A6C6A6 /* Project object */ = {
			isa = PBXProject;
			attributes = {
				LastSwiftUpdateCheck = 0730;
				LastUpgradeCheck = 0730;
				ORGANIZATIONNAME = Oliver;
				TargetAttributes = {
					A7EF1D4D1CB6F7BC00A6C6A6 = {
						CreatedOnToolsVersion = 7.3;
					};
					A7EF1D631CB6F7BC00A6C6A6 = {
						CreatedOnToolsVersion = 7.3;
						TestTargetID = A7EF1D4D1CB6F7BC00A6C6A6;
					};
					A7EF1D6E1CB6F7BC00A6C6A6 = {
						CreatedOnToolsVersion = 7.3;
						TestTargetID = A7EF1D4D1CB6F7BC00A6C6A6;
					};
				};
			};
			buildConfigurationList = A7EF1D491CB6F7BC00A6C6A6 /* Build configuration list for PBXProject "Boiler-Controller" */;
			compatibilityVersion = "Xcode 3.2";
			developmentRegion = English;
			hasScannedForEncodings = 0;
			knownRegions = (
				en,
				Base,
			);
			mainGroup = A7EF1D451CB6F7BC00A6C6A6;
			productRefGroup = A7EF1D4F1CB6F7BC00A6C6A6 /* Products */;
			projectDirPath = "";
			projectRoot = "";
			targets = (
				A7EF1D4D1CB6F7BC00A6C6A6 /* Boiler-Controller */,
				A7EF1D631CB6F7BC00A6C6A6 /* Boiler-ControllerTests */,
				A7EF1D6E1CB6F7BC00A6C6A6 /* Boiler-ControllerUITests */,
			);
		};
/* End PBXProject section */

/* Begin PBXResourcesBuildPhase section */
		A7EF1D4C1CB6F7BC00A6C6A6 /* Resources */ = {
			isa = PBXResourcesBuildPhase;
			buildActionMask = 2147483647;
			files = (
				A7DF1E861CFFDB08006A5C33 /* Podfile in Resources */,
				A7EF1D5E1CB6F7BC00A6C6A6 /* LaunchScreen.storyboard in Resources */,
				A7EF1D5B1CB6F7BC00A6C6A6 /* Assets.xcassets in Resources */,
				A7EF1D591CB6F7BC00A6C6A6 /* Main.storyboard in Resources */,
			);
			runOnlyForDeploymentPostprocessing = 0;
		};
		A7EF1D621CB6F7BC00A6C6A6 /* Resources */ = {
			isa = PBXResourcesBuildPhase;
			buildActionMask = 2147483647;
			files = (
			);
			runOnlyForDeploymentPostprocessing = 0;
		};
		A7EF1D6D1CB6F7BC00A6C6A6 /* Resources */ = {
			isa = PBXResourcesBuildPhase;
			buildActionMask = 2147483647;
			files = (
			);
			runOnlyForDeploymentPostprocessing = 0;
		};
/* End PBXResourcesBuildPhase section */

/* Begin PBXShellScriptBuildPhase section */
		2F91D9F99966EED4DB63F4D3 /* 📦 Check Pods Manifest.lock */ = {
			isa = PBXShellScriptBuildPhase;
			buildActionMask = 2147483647;
			files = (
			);
			inputPaths = (
			);
			name = "📦 Check Pods Manifest.lock";
			outputPaths = (
			);
			runOnlyForDeploymentPostprocessing = 0;
			shellPath = /bin/sh;
			shellScript = "diff \"${PODS_ROOT}/../Podfile.lock\" \"${PODS_ROOT}/Manifest.lock\" > /dev/null\nif [[ $? != 0 ]] ; then\n    cat << EOM\nerror: The sandbox is not in sync with the Podfile.lock. Run 'pod install' or update your CocoaPods installation.\nEOM\n    exit 1\nfi\n";
			showEnvVarsInLog = 0;
		};
		6305FB695E7FB74D7C1DBCA7 /* 📦 Copy Pods Resources */ = {
			isa = PBXShellScriptBuildPhase;
			buildActionMask = 2147483647;
			files = (
			);
			inputPaths = (
			);
			name = "📦 Copy Pods Resources";
			outputPaths = (
			);
			runOnlyForDeploymentPostprocessing = 0;
			shellPath = /bin/sh;
			shellScript = "\"${SRCROOT}/Pods/Target Support Files/Pods-Boiler-Controller/Pods-Boiler-Controller-resources.sh\"\n";
			showEnvVarsInLog = 0;
		};
		D5BFB08F416F9D6137E58360 /* 📦 Embed Pods Frameworks */ = {
			isa = PBXShellScriptBuildPhase;
			buildActionMask = 2147483647;
			files = (
			);
			inputPaths = (
			);
			name = "📦 Embed Pods Frameworks";
			outputPaths = (
			);
			runOnlyForDeploymentPostprocessing = 0;
			shellPath = /bin/sh;
			shellScript = "\"${SRCROOT}/Pods/Target Support Files/Pods-Boiler-Controller/Pods-Boiler-Controller-frameworks.sh\"\n";
			showEnvVarsInLog = 0;
		};
/* End PBXShellScriptBuildPhase section */

/* Begin PBXSourcesBuildPhase section */
		A7EF1D4A1CB6F7BC00A6C6A6 /* Sources */ = {
			isa = PBXSourcesBuildPhase;
			buildActionMask = 2147483647;
			files = (
				A72D9CBD1CF00941009AAB41 /* Logger.swift in Sources */,
				A7EF1D561CB6F7BC00A6C6A6 /* LogTableViewController.swift in Sources */,
				A7E88E7D1CFD319700AD652A /* ConnectionViewController.swift in Sources */,
				A7EF1D521CB6F7BC00A6C6A6 /* AppDelegate.swift in Sources */,
				A718232B1D790ADD005D9C78 /* BTService.swift in Sources */,
				A71823291D78C475005D9C78 /* ArduinoTypes.swift in Sources */,
				A7EF1D541CB6F7BC00A6C6A6 /* MainViewController.swift in Sources */,
			);
			runOnlyForDeploymentPostprocessing = 0;
		};
		A7EF1D601CB6F7BC00A6C6A6 /* Sources */ = {
			isa = PBXSourcesBuildPhase;
			buildActionMask = 2147483647;
			files = (
				A7EF1D691CB6F7BC00A6C6A6 /* Boiler_ControllerTests.swift in Sources */,
			);
			runOnlyForDeploymentPostprocessing = 0;
		};
		A7EF1D6B1CB6F7BC00A6C6A6 /* Sources */ = {
			isa = PBXSourcesBuildPhase;
			buildActionMask = 2147483647;
			files = (
				A7EF1D741CB6F7BC00A6C6A6 /* Boiler_ControllerUITests.swift in Sources */,
			);
			runOnlyForDeploymentPostprocessing = 0;
		};
/* End PBXSourcesBuildPhase section */

/* Begin PBXTargetDependency section */
		A7EF1D661CB6F7BC00A6C6A6 /* PBXTargetDependency */ = {
			isa = PBXTargetDependency;
			target = A7EF1D4D1CB6F7BC00A6C6A6 /* Boiler-Controller */;
			targetProxy = A7EF1D651CB6F7BC00A6C6A6 /* PBXContainerItemProxy */;
		};
		A7EF1D711CB6F7BC00A6C6A6 /* PBXTargetDependency */ = {
			isa = PBXTargetDependency;
			target = A7EF1D4D1CB6F7BC00A6C6A6 /* Boiler-Controller */;
			targetProxy = A7EF1D701CB6F7BC00A6C6A6 /* PBXContainerItemProxy */;
		};
/* End PBXTargetDependency section */

/* Begin PBXVariantGroup section */
		A7EF1D571CB6F7BC00A6C6A6 /* Main.storyboard */ = {
			isa = PBXVariantGroup;
			children = (
				A7EF1D581CB6F7BC00A6C6A6 /* Base */,
			);
			name = Main.storyboard;
			sourceTree = "<group>";
		};
		A7EF1D5C1CB6F7BC00A6C6A6 /* LaunchScreen.storyboard */ = {
			isa = PBXVariantGroup;
			children = (
				A7EF1D5D1CB6F7BC00A6C6A6 /* Base */,
			);
			name = LaunchScreen.storyboard;
			sourceTree = "<group>";
		};
/* End PBXVariantGroup section */

/* Begin XCBuildConfiguration section */
		A7EF1D761CB6F7BC00A6C6A6 /* Debug */ = {
			isa = XCBuildConfiguration;
			buildSettings = {
				ALWAYS_SEARCH_USER_PATHS = NO;
				CLANG_ANALYZER_NONNULL = YES;
				CLANG_CXX_LANGUAGE_STANDARD = "gnu++0x";
				CLANG_CXX_LIBRARY = "libc++";
				CLANG_ENABLE_MODULES = YES;
				CLANG_ENABLE_OBJC_ARC = YES;
				CLANG_WARN_BOOL_CONVERSION = YES;
				CLANG_WARN_CONSTANT_CONVERSION = YES;
				CLANG_WARN_DIRECT_OBJC_ISA_USAGE = YES_ERROR;
				CLANG_WARN_EMPTY_BODY = YES;
				CLANG_WARN_ENUM_CONVERSION = YES;
				CLANG_WARN_INT_CONVERSION = YES;
				CLANG_WARN_OBJC_ROOT_CLASS = YES_ERROR;
				CLANG_WARN_UNREACHABLE_CODE = YES;
				CLANG_WARN__DUPLICATE_METHOD_MATCH = YES;
				"CODE_SIGN_IDENTITY[sdk=iphoneos*]" = "iPhone Developer";
				COPY_PHASE_STRIP = NO;
				DEBUG_INFORMATION_FORMAT = dwarf;
				ENABLE_STRICT_OBJC_MSGSEND = YES;
				ENABLE_TESTABILITY = YES;
				GCC_C_LANGUAGE_STANDARD = gnu99;
				GCC_DYNAMIC_NO_PIC = NO;
				GCC_NO_COMMON_BLOCKS = YES;
				GCC_OPTIMIZATION_LEVEL = 0;
				GCC_PREPROCESSOR_DEFINITIONS = (
					"DEBUG=1",
					"$(inherited)",
				);
				GCC_WARN_64_TO_32_BIT_CONVERSION = YES;
				GCC_WARN_ABOUT_RETURN_TYPE = YES_ERROR;
				GCC_WARN_UNDECLARED_SELECTOR = YES;
				GCC_WARN_UNINITIALIZED_AUTOS = YES_AGGRESSIVE;
				GCC_WARN_UNUSED_FUNCTION = YES;
				GCC_WARN_UNUSED_VARIABLE = YES;
				IPHONEOS_DEPLOYMENT_TARGET = 9.2;
				MTL_ENABLE_DEBUG_INFO = YES;
				ONLY_ACTIVE_ARCH = YES;
				SDKROOT = iphoneos;
				SWIFT_OPTIMIZATION_LEVEL = "-Onone";
				TARGETED_DEVICE_FAMILY = "1,2";
			};
			name = Debug;
		};
		A7EF1D771CB6F7BC00A6C6A6 /* Release */ = {
			isa = XCBuildConfiguration;
			buildSettings = {
				ALWAYS_SEARCH_USER_PATHS = NO;
				CLANG_ANALYZER_NONNULL = YES;
				CLANG_CXX_LANGUAGE_STANDARD = "gnu++0x";
				CLANG_CXX_LIBRARY = "libc++";
				CLANG_ENABLE_MODULES = YES;
				CLANG_ENABLE_OBJC_ARC = YES;
				CLANG_WARN_BOOL_CONVERSION = YES;
				CLANG_WARN_CONSTANT_CONVERSION = YES;
				CLANG_WARN_DIRECT_OBJC_ISA_USAGE = YES_ERROR;
				CLANG_WARN_EMPTY_BODY = YES;
				CLANG_WARN_ENUM_CONVERSION = YES;
				CLANG_WARN_INT_CONVERSION = YES;
				CLANG_WARN_OBJC_ROOT_CLASS = YES_ERROR;
				CLANG_WARN_UNREACHABLE_CODE = YES;
				CLANG_WARN__DUPLICATE_METHOD_MATCH = YES;
				"CODE_SIGN_IDENTITY[sdk=iphoneos*]" = "iPhone Developer";
				COPY_PHASE_STRIP = NO;
				DEBUG_INFORMATION_FORMAT = "dwarf-with-dsym";
				ENABLE_NS_ASSERTIONS = NO;
				ENABLE_STRICT_OBJC_MSGSEND = YES;
				GCC_C_LANGUAGE_STANDARD = gnu99;
				GCC_NO_COMMON_BLOCKS = YES;
				GCC_WARN_64_TO_32_BIT_CONVERSION = YES;
				GCC_WARN_ABOUT_RETURN_TYPE = YES_ERROR;
				GCC_WARN_UNDECLARED_SELECTOR = YES;
				GCC_WARN_UNINITIALIZED_AUTOS = YES_AGGRESSIVE;
				GCC_WARN_UNUSED_FUNCTION = YES;
				GCC_WARN_UNUSED_VARIABLE = YES;
				IPHONEOS_DEPLOYMENT_TARGET = 9.2;
				MTL_ENABLE_DEBUG_INFO = NO;
				SDKROOT = iphoneos;
				TARGETED_DEVICE_FAMILY = "1,2";
				VALIDATE_PRODUCT = YES;
			};
			name = Release;
		};
		A7EF1D791CB6F7BC00A6C6A6 /* Debug */ = {
			isa = XCBuildConfiguration;
			baseConfigurationReference = 94C43DA0036DC164A0E4B210 /* Pods-Boiler-Controller.debug.xcconfig */;
			buildSettings = {
				ASSETCATALOG_COMPILER_APPICON_NAME = AppIcon;
				FRAMEWORK_SEARCH_PATHS = (
					"$(inherited)",
					"$(PROJECT_DIR)/BoilerController",
				);
				INFOPLIST_FILE = BoilerController/Info.plist;
				LD_RUNPATH_SEARCH_PATHS = "$(inherited) @executable_path/Frameworks";
				PRODUCT_BUNDLE_IDENTIFIER = "ch.kasbah.Boiler-Controller";
				PRODUCT_NAME = BoilerController;
				TARGETED_DEVICE_FAMILY = 1;
			};
			name = Debug;
		};
		A7EF1D7A1CB6F7BC00A6C6A6 /* Release */ = {
			isa = XCBuildConfiguration;
			baseConfigurationReference = D0E419B5D6EA373D7BFD7E59 /* Pods-Boiler-Controller.release.xcconfig */;
			buildSettings = {
				ASSETCATALOG_COMPILER_APPICON_NAME = AppIcon;
				FRAMEWORK_SEARCH_PATHS = (
					"$(inherited)",
					"$(PROJECT_DIR)/BoilerController",
				);
				INFOPLIST_FILE = BoilerController/Info.plist;
				LD_RUNPATH_SEARCH_PATHS = "$(inherited) @executable_path/Frameworks";
				PRODUCT_BUNDLE_IDENTIFIER = "ch.kasbah.Boiler-Controller";
				PRODUCT_NAME = BoilerController;
				TARGETED_DEVICE_FAMILY = 1;
			};
			name = Release;
		};
		A7EF1D7C1CB6F7BC00A6C6A6 /* Debug */ = {
			isa = XCBuildConfiguration;
			buildSettings = {
				BUNDLE_LOADER = "$(TEST_HOST)";
				INFOPLIST_FILE = BoilerControllerTests/Info.plist;
				LD_RUNPATH_SEARCH_PATHS = "$(inherited) @executable_path/Frameworks @loader_path/Frameworks";
				PRODUCT_BUNDLE_IDENTIFIER = "ch.kasbah.Boiler-ControllerTests";
				PRODUCT_NAME = "Boiler-Controller";
				TEST_HOST = "$(BUILT_PRODUCTS_DIR)/Boiler-Controller.app/Boiler-Controller";
			};
			name = Debug;
		};
		A7EF1D7D1CB6F7BC00A6C6A6 /* Release */ = {
			isa = XCBuildConfiguration;
			buildSettings = {
				BUNDLE_LOADER = "$(TEST_HOST)";
				INFOPLIST_FILE = BoilerControllerTests/Info.plist;
				LD_RUNPATH_SEARCH_PATHS = "$(inherited) @executable_path/Frameworks @loader_path/Frameworks";
				PRODUCT_BUNDLE_IDENTIFIER = "ch.kasbah.Boiler-ControllerTests";
				PRODUCT_NAME = "Boiler-Controller";
				TEST_HOST = "$(BUILT_PRODUCTS_DIR)/Boiler-Controller.app/Boiler-Controller";
			};
			name = Release;
		};
		A7EF1D7F1CB6F7BC00A6C6A6 /* Debug */ = {
			isa = XCBuildConfiguration;
			buildSettings = {
				INFOPLIST_FILE = BoilerControllerUITests/Info.plist;
				LD_RUNPATH_SEARCH_PATHS = "$(inherited) @executable_path/Frameworks @loader_path/Frameworks";
				PRODUCT_BUNDLE_IDENTIFIER = "ch.kasbah.Boiler-ControllerUITests";
				PRODUCT_NAME = "Boiler-Controller";
				TEST_TARGET_NAME = BoilerController;
			};
			name = Debug;
		};
		A7EF1D801CB6F7BC00A6C6A6 /* Release */ = {
			isa = XCBuildConfiguration;
			buildSettings = {
				INFOPLIST_FILE = BoilerControllerUITests/Info.plist;
				LD_RUNPATH_SEARCH_PATHS = "$(inherited) @executable_path/Frameworks @loader_path/Frameworks";
				PRODUCT_BUNDLE_IDENTIFIER = "ch.kasbah.Boiler-ControllerUITests";
				PRODUCT_NAME = "Boiler-Controller";
				TEST_TARGET_NAME = BoilerController;
			};
			name = Release;
		};
/* End XCBuildConfiguration section */

/* Begin XCConfigurationList section */
		A7EF1D491CB6F7BC00A6C6A6 /* Build configuration list for PBXProject "Boiler-Controller" */ = {
			isa = XCConfigurationList;
			buildConfigurations = (
				A7EF1D761CB6F7BC00A6C6A6 /* Debug */,
				A7EF1D771CB6F7BC00A6C6A6 /* Release */,
			);
			defaultConfigurationIsVisible = 0;
			defaultConfigurationName = Release;
		};
		A7EF1D781CB6F7BC00A6C6A6 /* Build configuration list for PBXNativeTarget "Boiler-Controller" */ = {
			isa = XCConfigurationList;
			buildConfigurations = (
				A7EF1D791CB6F7BC00A6C6A6 /* Debug */,
				A7EF1D7A1CB6F7BC00A6C6A6 /* Release */,
			);
			defaultConfigurationIsVisible = 0;
			defaultConfigurationName = Release;
		};
		A7EF1D7B1CB6F7BC00A6C6A6 /* Build configuration list for PBXNativeTarget "Boiler-ControllerTests" */ = {
			isa = XCConfigurationList;
			buildConfigurations = (
				A7EF1D7C1CB6F7BC00A6C6A6 /* Debug */,
				A7EF1D7D1CB6F7BC00A6C6A6 /* Release */,
			);
			defaultConfigurationIsVisible = 0;
			defaultConfigurationName = Release;
		};
		A7EF1D7E1CB6F7BC00A6C6A6 /* Build configuration list for PBXNativeTarget "Boiler-ControllerUITests" */ = {
			isa = XCConfigurationList;
			buildConfigurations = (
				A7EF1D7F1CB6F7BC00A6C6A6 /* Debug */,
				A7EF1D801CB6F7BC00A6C6A6 /* Release */,
			);
			defaultConfigurationIsVisible = 0;
			defaultConfigurationName = Release;
		};
/* End XCConfigurationList section */
	};
	rootObject = A7EF1D461CB6F7BC00A6C6A6 /* Project object */;
}
