// !$*UTF8*$!
{
	archiveVersion = 1;
	classes = {
	};
	objectVersion = 46;
	objects = {

/* Begin PBXBuildFile section */
		A7EF1D521CB6F7BC00A6C6A6 /* AppDelegate.swift in Sources */ = {isa = PBXBuildFile; fileRef = A7EF1D511CB6F7BC00A6C6A6 /* AppDelegate.swift */; };
		A7EF1D541CB6F7BC00A6C6A6 /* FirstViewController.swift in Sources */ = {isa = PBXBuildFile; fileRef = A7EF1D531CB6F7BC00A6C6A6 /* FirstViewController.swift */; };
		A7EF1D561CB6F7BC00A6C6A6 /* SecondViewController.swift in Sources */ = {isa = PBXBuildFile; fileRef = A7EF1D551CB6F7BC00A6C6A6 /* SecondViewController.swift */; };
		A7EF1D591CB6F7BC00A6C6A6 /* Main.storyboard in Resources */ = {isa = PBXBuildFile; fileRef = A7EF1D571CB6F7BC00A6C6A6 /* Main.storyboard */; };
		A7EF1D5B1CB6F7BC00A6C6A6 /* Assets.xcassets in Resources */ = {isa = PBXBuildFile; fileRef = A7EF1D5A1CB6F7BC00A6C6A6 /* Assets.xcassets */; };
		A7EF1D5E1CB6F7BC00A6C6A6 /* LaunchScreen.storyboard in Resources */ = {isa = PBXBuildFile; fileRef = A7EF1D5C1CB6F7BC00A6C6A6 /* LaunchScreen.storyboard */; };
		A7EF1D691CB6F7BC00A6C6A6 /* Boiler_ControllerTests.swift in Sources */ = {isa = PBXBuildFile; fileRef = A7EF1D681CB6F7BC00A6C6A6 /* Boiler_ControllerTests.swift */; };
		A7EF1D741CB6F7BC00A6C6A6 /* Boiler_ControllerUITests.swift in Sources */ = {isa = PBXBuildFile; fileRef = A7EF1D731CB6F7BC00A6C6A6 /* Boiler_ControllerUITests.swift */; };
/* End PBXBuildFile section */

/* Begin PBXContainerItemProxy section */
		A7EF1D651CB6F7BC00A6C6A6 /* PBXContainerItemProxy */ = {
			isa = PBXContainerItemProxy;
			containerPortal = A7EF1D461CB6F7BC00A6C6A6 /* Project object */;
			proxyType = 1;
			remoteGlobalIDString = A7EF1D4D1CB6F7BC00A6C6A6;
			remoteInfo = "Boiler Controller";
		};
		A7EF1D701CB6F7BC00A6C6A6 /* PBXContainerItemProxy */ = {
			isa = PBXContainerItemProxy;
			containerPortal = A7EF1D461CB6F7BC00A6C6A6 /* Project object */;
			proxyType = 1;
			remoteGlobalIDString = A7EF1D4D1CB6F7BC00A6C6A6;
			remoteInfo = "Boiler Controller";
		};
/* End PBXContainerItemProxy section */

/* Begin PBXFileReference section */
		A7EF1D4E1CB6F7BC00A6C6A6 /* Boiler Controller.app */ = {isa = PBXFileReference; explicitFileType = wrapper.application; includeInIndex = 0; path = "Boiler Controller.app"; sourceTree = BUILT_PRODUCTS_DIR; };
		A7EF1D511CB6F7BC00A6C6A6 /* AppDelegate.swift */ = {isa = PBXFileReference; lastKnownFileType = sourcecode.swift; path = AppDelegate.swift; sourceTree = "<group>"; };
		A7EF1D531CB6F7BC00A6C6A6 /* FirstViewController.swift */ = {isa = PBXFileReference; lastKnownFileType = sourcecode.swift; path = FirstViewController.swift; sourceTree = "<group>"; };
		A7EF1D551CB6F7BC00A6C6A6 /* SecondViewController.swift */ = {isa = PBXFileReference; lastKnownFileType = sourcecode.swift; path = SecondViewController.swift; sourceTree = "<group>"; };
		A7EF1D581CB6F7BC00A6C6A6 /* Base */ = {isa = PBXFileReference; lastKnownFileType = file.storyboard; name = Base; path = Base.lproj/Main.storyboard; sourceTree = "<group>"; };
		A7EF1D5A1CB6F7BC00A6C6A6 /* Assets.xcassets */ = {isa = PBXFileReference; lastKnownFileType = folder.assetcatalog; path = Assets.xcassets; sourceTree = "<group>"; };
		A7EF1D5D1CB6F7BC00A6C6A6 /* Base */ = {isa = PBXFileReference; lastKnownFileType = file.storyboard; name = Base; path = Base.lproj/LaunchScreen.storyboard; sourceTree = "<group>"; };
		A7EF1D5F1CB6F7BC00A6C6A6 /* Info.plist */ = {isa = PBXFileReference; lastKnownFileType = text.plist.xml; path = Info.plist; sourceTree = "<group>"; };
		A7EF1D641CB6F7BC00A6C6A6 /* Boiler ControllerTests.xctest */ = {isa = PBXFileReference; explicitFileType = wrapper.cfbundle; includeInIndex = 0; path = "Boiler ControllerTests.xctest"; sourceTree = BUILT_PRODUCTS_DIR; };
		A7EF1D681CB6F7BC00A6C6A6 /* Boiler_ControllerTests.swift */ = {isa = PBXFileReference; lastKnownFileType = sourcecode.swift; path = Boiler_ControllerTests.swift; sourceTree = "<group>"; };
		A7EF1D6A1CB6F7BC00A6C6A6 /* Info.plist */ = {isa = PBXFileReference; lastKnownFileType = text.plist.xml; path = Info.plist; sourceTree = "<group>"; };
		A7EF1D6F1CB6F7BC00A6C6A6 /* Boiler ControllerUITests.xctest */ = {isa = PBXFileReference; explicitFileType = wrapper.cfbundle; includeInIndex = 0; path = "Boiler ControllerUITests.xctest"; sourceTree = BUILT_PRODUCTS_DIR; };
		A7EF1D731CB6F7BC00A6C6A6 /* Boiler_ControllerUITests.swift */ = {isa = PBXFileReference; lastKnownFileType = sourcecode.swift; path = Boiler_ControllerUITests.swift; sourceTree = "<group>"; };
		A7EF1D751CB6F7BC00A6C6A6 /* Info.plist */ = {isa = PBXFileReference; lastKnownFileType = text.plist.xml; path = Info.plist; sourceTree = "<group>"; };
/* End PBXFileReference section */

/* Begin PBXFrameworksBuildPhase section */
		A7EF1D4B1CB6F7BC00A6C6A6 /* Frameworks */ = {
			isa = PBXFrameworksBuildPhase;
			buildActionMask = 2147483647;
			files = (
			);
			runOnlyForDeploymentPostprocessing = 0;
		};
		A7EF1D611CB6F7BC00A6C6A6 /* Frameworks */ = {
			isa = PBXFrameworksBuildPhase;
			buildActionMask = 2147483647;
			files = (
			);
			runOnlyForDeploymentPostprocessing = 0;
		};
		A7EF1D6C1CB6F7BC00A6C6A6 /* Frameworks */ = {
			isa = PBXFrameworksBuildPhase;
			buildActionMask = 2147483647;
			files = (
			);
			runOnlyForDeploymentPostprocessing = 0;
		};
/* End PBXFrameworksBuildPhase section */

/* Begin PBXGroup section */
		A7EF1D451CB6F7BC00A6C6A6 = {
			isa = PBXGroup;
			children = (
				A7EF1D501CB6F7BC00A6C6A6 /* Boiler Controller */,
				A7EF1D671CB6F7BC00A6C6A6 /* Boiler ControllerTests */,
				A7EF1D721CB6F7BC00A6C6A6 /* Boiler ControllerUITests */,
				A7EF1D4F1CB6F7BC00A6C6A6 /* Products */,
			);
			sourceTree = "<group>";
		};
		A7EF1D4F1CB6F7BC00A6C6A6 /* Products */ = {
			isa = PBXGroup;
			children = (
				A7EF1D4E1CB6F7BC00A6C6A6 /* Boiler Controller.app */,
				A7EF1D641CB6F7BC00A6C6A6 /* Boiler ControllerTests.xctest */,
				A7EF1D6F1CB6F7BC00A6C6A6 /* Boiler ControllerUITests.xctest */,
			);
			name = Products;
			sourceTree = "<group>";
		};
		A7EF1D501CB6F7BC00A6C6A6 /* Boiler Controller */ = {
			isa = PBXGroup;
			children = (
				A7EF1D511CB6F7BC00A6C6A6 /* AppDelegate.swift */,
				A7EF1D531CB6F7BC00A6C6A6 /* FirstViewController.swift */,
				A7EF1D551CB6F7BC00A6C6A6 /* SecondViewController.swift */,
				A7EF1D571CB6F7BC00A6C6A6 /* Main.storyboard */,
				A7EF1D5A1CB6F7BC00A6C6A6 /* Assets.xcassets */,
				A7EF1D5C1CB6F7BC00A6C6A6 /* LaunchScreen.storyboard */,
				A7EF1D5F1CB6F7BC00A6C6A6 /* Info.plist */,
			);
			path = "Boiler Controller";
			sourceTree = "<group>";
		};
		A7EF1D671CB6F7BC00A6C6A6 /* Boiler ControllerTests */ = {
			isa = PBXGroup;
			children = (
				A7EF1D681CB6F7BC00A6C6A6 /* Boiler_ControllerTests.swift */,
				A7EF1D6A1CB6F7BC00A6C6A6 /* Info.plist */,
			);
			path = "Boiler ControllerTests";
			sourceTree = "<group>";
		};
		A7EF1D721CB6F7BC00A6C6A6 /* Boiler ControllerUITests */ = {
			isa = PBXGroup;
			children = (
				A7EF1D731CB6F7BC00A6C6A6 /* Boiler_ControllerUITests.swift */,
				A7EF1D751CB6F7BC00A6C6A6 /* Info.plist */,
			);
			path = "Boiler ControllerUITests";
			sourceTree = "<group>";
		};
/* End PBXGroup section */

/* Begin PBXNativeTarget section */
		A7EF1D4D1CB6F7BC00A6C6A6 /* Boiler Controller */ = {
			isa = PBXNativeTarget;
			buildConfigurationList = A7EF1D781CB6F7BC00A6C6A6 /* Build configuration list for PBXNativeTarget "Boiler Controller" */;
			buildPhases = (
				A7EF1D4A1CB6F7BC00A6C6A6 /* Sources */,
				A7EF1D4B1CB6F7BC00A6C6A6 /* Frameworks */,
				A7EF1D4C1CB6F7BC00A6C6A6 /* Resources */,
			);
			buildRules = (
			);
			dependencies = (
			);
			name = "Boiler Controller";
			productName = "Boiler Controller";
			productReference = A7EF1D4E1CB6F7BC00A6C6A6 /* Boiler Controller.app */;
			productType = "com.apple.product-type.application";
		};
		A7EF1D631CB6F7BC00A6C6A6 /* Boiler ControllerTests */ = {
			isa = PBXNativeTarget;
			buildConfigurationList = A7EF1D7B1CB6F7BC00A6C6A6 /* Build configuration list for PBXNativeTarget "Boiler ControllerTests" */;
			buildPhases = (
				A7EF1D601CB6F7BC00A6C6A6 /* Sources */,
				A7EF1D611CB6F7BC00A6C6A6 /* Frameworks */,
				A7EF1D621CB6F7BC00A6C6A6 /* Resources */,
			);
			buildRules = (
			);
			dependencies = (
				A7EF1D661CB6F7BC00A6C6A6 /* PBXTargetDependency */,
			);
			name = "Boiler ControllerTests";
			productName = "Boiler ControllerTests";
			productReference = A7EF1D641CB6F7BC00A6C6A6 /* Boiler ControllerTests.xctest */;
			productType = "com.apple.product-type.bundle.unit-test";
		};
		A7EF1D6E1CB6F7BC00A6C6A6 /* Boiler ControllerUITests */ = {
			isa = PBXNativeTarget;
			buildConfigurationList = A7EF1D7E1CB6F7BC00A6C6A6 /* Build configuration list for PBXNativeTarget "Boiler ControllerUITests" */;
			buildPhases = (
				A7EF1D6B1CB6F7BC00A6C6A6 /* Sources */,
				A7EF1D6C1CB6F7BC00A6C6A6 /* Frameworks */,
				A7EF1D6D1CB6F7BC00A6C6A6 /* Resources */,
			);
			buildRules = (
			);
			dependencies = (
				A7EF1D711CB6F7BC00A6C6A6 /* PBXTargetDependency */,
			);
			name = "Boiler ControllerUITests";
			productName = "Boiler ControllerUITests";
			productReference = A7EF1D6F1CB6F7BC00A6C6A6 /* Boiler ControllerUITests.xctest */;
			productType = "com.apple.product-type.bundle.ui-testing";
		};
/* End PBXNativeTarget section */

/* Begin PBXProject section */
		A7EF1D461CB6F7BC00A6C6A6 /* Project object */ = {
			isa = PBXProject;
			attributes = {
				LastSwiftUpdateCheck = 0730;
				LastUpgradeCheck = 0730;
				ORGANIZATIONNAME = Oliver;
				TargetAttributes = {
					A7EF1D4D1CB6F7BC00A6C6A6 = {
						CreatedOnToolsVersion = 7.3;
					};
					A7EF1D631CB6F7BC00A6C6A6 = {
						CreatedOnToolsVersion = 7.3;
						TestTargetID = A7EF1D4D1CB6F7BC00A6C6A6;
					};
					A7EF1D6E1CB6F7BC00A6C6A6 = {
						CreatedOnToolsVersion = 7.3;
						TestTargetID = A7EF1D4D1CB6F7BC00A6C6A6;
					};
				};
			};
			buildConfigurationList = A7EF1D491CB6F7BC00A6C6A6 /* Build configuration list for PBXProject "Boiler Controller" */;
			compatibilityVersion = "Xcode 3.2";
			developmentRegion = English;
			hasScannedForEncodings = 0;
			knownRegions = (
				en,
				Base,
			);
			mainGroup = A7EF1D451CB6F7BC00A6C6A6;
			productRefGroup = A7EF1D4F1CB6F7BC00A6C6A6 /* Products */;
			projectDirPath = "";
			projectRoot = "";
			targets = (
				A7EF1D4D1CB6F7BC00A6C6A6 /* Boiler Controller */,
				A7EF1D631CB6F7BC00A6C6A6 /* Boiler ControllerTests */,
				A7EF1D6E1CB6F7BC00A6C6A6 /* Boiler ControllerUITests */,
			);
		};
/* End PBXProject section */

/* Begin PBXResourcesBuildPhase section */
		A7EF1D4C1CB6F7BC00A6C6A6 /* Resources */ = {
			isa = PBXResourcesBuildPhase;
			buildActionMask = 2147483647;
			files = (
				A7EF1D5E1CB6F7BC00A6C6A6 /* LaunchScreen.storyboard in Resources */,
				A7EF1D5B1CB6F7BC00A6C6A6 /* Assets.xcassets in Resources */,
				A7EF1D591CB6F7BC00A6C6A6 /* Main.storyboard in Resources */,
			);
			runOnlyForDeploymentPostprocessing = 0;
		};
		A7EF1D621CB6F7BC00A6C6A6 /* Resources */ = {
			isa = PBXResourcesBuildPhase;
			buildActionMask = 2147483647;
			files = (
			);
			runOnlyForDeploymentPostprocessing = 0;
		};
		A7EF1D6D1CB6F7BC00A6C6A6 /* Resources */ = {
			isa = PBXResourcesBuildPhase;
			buildActionMask = 2147483647;
			files = (
			);
			runOnlyForDeploymentPostprocessing = 0;
		};
/* End PBXResourcesBuildPhase section */

/* Begin PBXSourcesBuildPhase section */
		A7EF1D4A1CB6F7BC00A6C6A6 /* Sources */ = {
			isa = PBXSourcesBuildPhase;
			buildActionMask = 2147483647;
			files = (
				A7EF1D561CB6F7BC00A6C6A6 /* SecondViewController.swift in Sources */,
				A7EF1D521CB6F7BC00A6C6A6 /* AppDelegate.swift in Sources */,
				A7EF1D541CB6F7BC00A6C6A6 /* FirstViewController.swift in Sources */,
			);
			runOnlyForDeploymentPostprocessing = 0;
		};
		A7EF1D601CB6F7BC00A6C6A6 /* Sources */ = {
			isa = PBXSourcesBuildPhase;
			buildActionMask = 2147483647;
			files = (
				A7EF1D691CB6F7BC00A6C6A6 /* Boiler_ControllerTests.swift in Sources */,
			);
			runOnlyForDeploymentPostprocessing = 0;
		};
		A7EF1D6B1CB6F7BC00A6C6A6 /* Sources */ = {
			isa = PBXSourcesBuildPhase;
			buildActionMask = 2147483647;
			files = (
				A7EF1D741CB6F7BC00A6C6A6 /* Boiler_ControllerUITests.swift in Sources */,
			);
			runOnlyForDeploymentPostprocessing = 0;
		};
/* End PBXSourcesBuildPhase section */

/* Begin PBXTargetDependency section */
		A7EF1D661CB6F7BC00A6C6A6 /* PBXTargetDependency */ = {
			isa = PBXTargetDependency;
			target = A7EF1D4D1CB6F7BC00A6C6A6 /* Boiler Controller */;
			targetProxy = A7EF1D651CB6F7BC00A6C6A6 /* PBXContainerItemProxy */;
		};
		A7EF1D711CB6F7BC00A6C6A6 /* PBXTargetDependency */ = {
			isa = PBXTargetDependency;
			target = A7EF1D4D1CB6F7BC00A6C6A6 /* Boiler Controller */;
			targetProxy = A7EF1D701CB6F7BC00A6C6A6 /* PBXContainerItemProxy */;
		};
/* End PBXTargetDependency section */

/* Begin PBXVariantGroup section */
		A7EF1D571CB6F7BC00A6C6A6 /* Main.storyboard */ = {
			isa = PBXVariantGroup;
			children = (
				A7EF1D581CB6F7BC00A6C6A6 /* Base */,
			);
			name = Main.storyboard;
			sourceTree = "<group>";
		};
		A7EF1D5C1CB6F7BC00A6C6A6 /* LaunchScreen.storyboard */ = {
			isa = PBXVariantGroup;
			children = (
				A7EF1D5D1CB6F7BC00A6C6A6 /* Base */,
			);
			name = LaunchScreen.storyboard;
			sourceTree = "<group>";
		};
/* End PBXVariantGroup section */

/* Begin XCBuildConfiguration section */
		A7EF1D761CB6F7BC00A6C6A6 /* Debug */ = {
			isa = XCBuildConfiguration;
			buildSettings = {
				ALWAYS_SEARCH_USER_PATHS = NO;
				CLANG_ANALYZER_NONNULL = YES;
				CLANG_CXX_LANGUAGE_STANDARD = "gnu++0x";
				CLANG_CXX_LIBRARY = "libc++";
				CLANG_ENABLE_MODULES = YES;
				CLANG_ENABLE_OBJC_ARC = YES;
				CLANG_WARN_BOOL_CONVERSION = YES;
				CLANG_WARN_CONSTANT_CONVERSION = YES;
				CLANG_WARN_DIRECT_OBJC_ISA_USAGE = YES_ERROR;
				CLANG_WARN_EMPTY_BODY = YES;
				CLANG_WARN_ENUM_CONVERSION = YES;
				CLANG_WARN_INT_CONVERSION = YES;
				CLANG_WARN_OBJC_ROOT_CLASS = YES_ERROR;
				CLANG_WARN_UNREACHABLE_CODE = YES;
				CLANG_WARN__DUPLICATE_METHOD_MATCH = YES;
				"CODE_SIGN_IDENTITY[sdk=iphoneos*]" = "iPhone Developer";
				COPY_PHASE_STRIP = NO;
				DEBUG_INFORMATION_FORMAT = dwarf;
				ENABLE_STRICT_OBJC_MSGSEND = YES;
				ENABLE_TESTABILITY = YES;
				GCC_C_LANGUAGE_STANDARD = gnu99;
				GCC_DYNAMIC_NO_PIC = NO;
				GCC_NO_COMMON_BLOCKS = YES;
				GCC_OPTIMIZATION_LEVEL = 0;
				GCC_PREPROCESSOR_DEFINITIONS = (
					"DEBUG=1",
					"$(inherited)",
				);
				GCC_WARN_64_TO_32_BIT_CONVERSION = YES;
				GCC_WARN_ABOUT_RETURN_TYPE = YES_ERROR;
				GCC_WARN_UNDECLARED_SELECTOR = YES;
				GCC_WARN_UNINITIALIZED_AUTOS = YES_AGGRESSIVE;
				GCC_WARN_UNUSED_FUNCTION = YES;
				GCC_WARN_UNUSED_VARIABLE = YES;
				IPHONEOS_DEPLOYMENT_TARGET = 9.3;
				MTL_ENABLE_DEBUG_INFO = YES;
				ONLY_ACTIVE_ARCH = YES;
				SDKROOT = iphoneos;
				SWIFT_OPTIMIZATION_LEVEL = "-Onone";
				TARGETED_DEVICE_FAMILY = "1,2";
			};
			name = Debug;
		};
		A7EF1D771CB6F7BC00A6C6A6 /* Release */ = {
			isa = XCBuildConfiguration;
			buildSettings = {
				ALWAYS_SEARCH_USER_PATHS = NO;
				CLANG_ANALYZER_NONNULL = YES;
				CLANG_CXX_LANGUAGE_STANDARD = "gnu++0x";
				CLANG_CXX_LIBRARY = "libc++";
				CLANG_ENABLE_MODULES = YES;
				CLANG_ENABLE_OBJC_ARC = YES;
				CLANG_WARN_BOOL_CONVERSION = YES;
				CLANG_WARN_CONSTANT_CONVERSION = YES;
				CLANG_WARN_DIRECT_OBJC_ISA_USAGE = YES_ERROR;
				CLANG_WARN_EMPTY_BODY = YES;
				CLANG_WARN_ENUM_CONVERSION = YES;
				CLANG_WARN_INT_CONVERSION = YES;
				CLANG_WARN_OBJC_ROOT_CLASS = YES_ERROR;
				CLANG_WARN_UNREACHABLE_CODE = YES;
				CLANG_WARN__DUPLICATE_METHOD_MATCH = YES;
				"CODE_SIGN_IDENTITY[sdk=iphoneos*]" = "iPhone Developer";
				COPY_PHASE_STRIP = NO;
				DEBUG_INFORMATION_FORMAT = "dwarf-with-dsym";
				ENABLE_NS_ASSERTIONS = NO;
				ENABLE_STRICT_OBJC_MSGSEND = YES;
				GCC_C_LANGUAGE_STANDARD = gnu99;
				GCC_NO_COMMON_BLOCKS = YES;
				GCC_WARN_64_TO_32_BIT_CONVERSION = YES;
				GCC_WARN_ABOUT_RETURN_TYPE = YES_ERROR;
				GCC_WARN_UNDECLARED_SELECTOR = YES;
				GCC_WARN_UNINITIALIZED_AUTOS = YES_AGGRESSIVE;
				GCC_WARN_UNUSED_FUNCTION = YES;
				GCC_WARN_UNUSED_VARIABLE = YES;
				IPHONEOS_DEPLOYMENT_TARGET = 9.3;
				MTL_ENABLE_DEBUG_INFO = NO;
				SDKROOT = iphoneos;
				TARGETED_DEVICE_FAMILY = "1,2";
				VALIDATE_PRODUCT = YES;
			};
			name = Release;
		};
		A7EF1D791CB6F7BC00A6C6A6 /* Debug */ = {
			isa = XCBuildConfiguration;
			buildSettings = {
				ASSETCATALOG_COMPILER_APPICON_NAME = AppIcon;
				INFOPLIST_FILE = "Boiler Controller/Info.plist";
				LD_RUNPATH_SEARCH_PATHS = "$(inherited) @executable_path/Frameworks";
				PRODUCT_BUNDLE_IDENTIFIER = "ch.kasbah.Boiler-Controller";
				PRODUCT_NAME = "$(TARGET_NAME)";
			};
			name = Debug;
		};
		A7EF1D7A1CB6F7BC00A6C6A6 /* Release */ = {
			isa = XCBuildConfiguration;
			buildSettings = {
				ASSETCATALOG_COMPILER_APPICON_NAME = AppIcon;
				INFOPLIST_FILE = "Boiler Controller/Info.plist";
				LD_RUNPATH_SEARCH_PATHS = "$(inherited) @executable_path/Frameworks";
				PRODUCT_BUNDLE_IDENTIFIER = "ch.kasbah.Boiler-Controller";
				PRODUCT_NAME = "$(TARGET_NAME)";
			};
			name = Release;
		};
		A7EF1D7C1CB6F7BC00A6C6A6 /* Debug */ = {
			isa = XCBuildConfiguration;
			buildSettings = {
				BUNDLE_LOADER = "$(TEST_HOST)";
				INFOPLIST_FILE = "Boiler ControllerTests/Info.plist";
				LD_RUNPATH_SEARCH_PATHS = "$(inherited) @executable_path/Frameworks @loader_path/Frameworks";
				PRODUCT_BUNDLE_IDENTIFIER = "ch.kasbah.Boiler-ControllerTests";
				PRODUCT_NAME = "$(TARGET_NAME)";
				TEST_HOST = "$(BUILT_PRODUCTS_DIR)/Boiler Controller.app/Boiler Controller";
			};
			name = Debug;
		};
		A7EF1D7D1CB6F7BC00A6C6A6 /* Release */ = {
			isa = XCBuildConfiguration;
			buildSettings = {
				BUNDLE_LOADER = "$(TEST_HOST)";
				INFOPLIST_FILE = "Boiler ControllerTests/Info.plist";
				LD_RUNPATH_SEARCH_PATHS = "$(inherited) @executable_path/Frameworks @loader_path/Frameworks";
				PRODUCT_BUNDLE_IDENTIFIER = "ch.kasbah.Boiler-ControllerTests";
				PRODUCT_NAME = "$(TARGET_NAME)";
				TEST_HOST = "$(BUILT_PRODUCTS_DIR)/Boiler Controller.app/Boiler Controller";
			};
			name = Release;
		};
		A7EF1D7F1CB6F7BC00A6C6A6 /* Debug */ = {
			isa = XCBuildConfiguration;
			buildSettings = {
				INFOPLIST_FILE = "Boiler ControllerUITests/Info.plist";
				LD_RUNPATH_SEARCH_PATHS = "$(inherited) @executable_path/Frameworks @loader_path/Frameworks";
				PRODUCT_BUNDLE_IDENTIFIER = "ch.kasbah.Boiler-ControllerUITests";
				PRODUCT_NAME = "$(TARGET_NAME)";
				TEST_TARGET_NAME = "Boiler Controller";
			};
			name = Debug;
		};
		A7EF1D801CB6F7BC00A6C6A6 /* Release */ = {
			isa = XCBuildConfiguration;
			buildSettings = {
				INFOPLIST_FILE = "Boiler ControllerUITests/Info.plist";
				LD_RUNPATH_SEARCH_PATHS = "$(inherited) @executable_path/Frameworks @loader_path/Frameworks";
				PRODUCT_BUNDLE_IDENTIFIER = "ch.kasbah.Boiler-ControllerUITests";
				PRODUCT_NAME = "$(TARGET_NAME)";
				TEST_TARGET_NAME = "Boiler Controller";
			};
			name = Release;
		};
/* End XCBuildConfiguration section */

/* Begin XCConfigurationList section */
		A7EF1D491CB6F7BC00A6C6A6 /* Build configuration list for PBXProject "Boiler Controller" */ = {
			isa = XCConfigurationList;
			buildConfigurations = (
				A7EF1D761CB6F7BC00A6C6A6 /* Debug */,
				A7EF1D771CB6F7BC00A6C6A6 /* Release */,
			);
			defaultConfigurationIsVisible = 0;
			defaultConfigurationName = Release;
		};
		A7EF1D781CB6F7BC00A6C6A6 /* Build configuration list for PBXNativeTarget "Boiler Controller" */ = {
			isa = XCConfigurationList;
			buildConfigurations = (
				A7EF1D791CB6F7BC00A6C6A6 /* Debug */,
				A7EF1D7A1CB6F7BC00A6C6A6 /* Release */,
			);
			defaultConfigurationIsVisible = 0;
		};
		A7EF1D7B1CB6F7BC00A6C6A6 /* Build configuration list for PBXNativeTarget "Boiler ControllerTests" */ = {
			isa = XCConfigurationList;
			buildConfigurations = (
				A7EF1D7C1CB6F7BC00A6C6A6 /* Debug */,
				A7EF1D7D1CB6F7BC00A6C6A6 /* Release */,
			);
			defaultConfigurationIsVisible = 0;
		};
		A7EF1D7E1CB6F7BC00A6C6A6 /* Build configuration list for PBXNativeTarget "Boiler ControllerUITests" */ = {
			isa = XCConfigurationList;
			buildConfigurations = (
				A7EF1D7F1CB6F7BC00A6C6A6 /* Debug */,
				A7EF1D801CB6F7BC00A6C6A6 /* Release */,
			);
			defaultConfigurationIsVisible = 0;
		};
/* End XCConfigurationList section */
	};
	rootObject = A7EF1D461CB6F7BC00A6C6A6 /* Project object */;
}
