PODS:
  - SeedStackViewController (0.2.1)
  - SnapKit (0.22.0)

DEPENDENCIES:
  - SeedStackViewController (~> 0.2.1)
  - SnapKit (~> 0.22)

SPEC CHECKSUMS:
  SeedStackViewController: aece175e207147f58b2ca9c502ab2bd26eb00952
  SnapKit: 0dd2fd157330f1ea11fd84da13e6be8a7a22bae0

PODFILE CHECKSUM: d51ee72eff5b80725dc31978e719bbfb103be05a

COCOAPODS: 1.0.1
